
Microsoft Visual Studio Solution File, Format Version 12.00
# Visual Studio Version 17
VisualStudioVersion = 17.2.32516.85
MinimumVisualStudioVersion = 10.0.40219.1
Project("{FAE04EC0-301F-11D3-BF4B-00C04F79EFBC}") = "lab4", "lab4\lab4.csproj", "{5028757C-67A1-4BB7-8E17-72579C1A441C}"
EndProject
Global
	GlobalSection(SolutionConfigurationPlatforms) = preSolution
		Debug|Any CPU = Debug|Any CPU
		Release|Any CPU = Release|Any CPU
	EndGlobalSection
	GlobalSection(ProjectConfigurationPlatforms) = postSolution
		{5028757C-67A1-4BB7-8E17-72579C1A441C}.Debug|Any CPU.ActiveCfg = Debug|Any CPU
		{5028757C-67A1-4BB7-8E17-72579C1A441C}.Debug|Any CPU.Build.0 = Debug|Any CPU
		{5028757C-67A1-4BB7-8E17-72579C1A441C}.Release|Any CPU.ActiveCfg = Release|Any CPU
		{5028757C-67A1-4BB7-8E17-72579C1A441C}.Release|Any CPU.Build.0 = Release|Any CPU
	EndGlobalSection
	GlobalSection(SolutionProperties) = preSolution
		HideSolutionNode = FALSE
	EndGlobalSection
	GlobalSection(ExtensibilityGlobals) = postSolution
		SolutionGuid = {7EC836E8-AA7F-41F1-BB26-4776C0C32B5C}
	EndGlobalSection
EndGlobal
